
Microsoft Visual Studio Solution File, Format Version 12.00
# Visual Studio Version 18
VisualStudioVersion = 18.3.11520.95 d18.3
MinimumVisualStudioVersion = 10.0.40219.1
Project("{FAE04EC0-301F-11D3-BF4B-00C04F79EFBC}") = "CatchButton", "CatchButton.csproj", "{55E43331-FC31-454E-A6EA-B254EA85C6CD}"
EndProject
Global
	GlobalSection(SolutionConfigurationPlatforms) = preSolution
		Debug|Any CPU = Debug|Any CPU
		Release|Any CPU = Release|Any CPU
	EndGlobalSection
	GlobalSection(ProjectConfigurationPlatforms) = postSolution
		{55E43331-FC31-454E-A6EA-B254EA85C6CD}.Debug|Any CPU.ActiveCfg = Debug|Any CPU
		{55E43331-FC31-454E-A6EA-B254EA85C6CD}.Debug|Any CPU.Build.0 = Debug|Any CPU
		{55E43331-FC31-454E-A6EA-B254EA85C6CD}.Release|Any CPU.ActiveCfg = Release|Any CPU
		{55E43331-FC31-454E-A6EA-B254EA85C6CD}.Release|Any CPU.Build.0 = Release|Any CPU
	EndGlobalSection
	GlobalSection(SolutionProperties) = preSolution
		HideSolutionNode = FALSE
	EndGlobalSection
	GlobalSection(ExtensibilityGlobals) = postSolution
		SolutionGuid = {E02CFCEE-F154-4FC5-95D8-DA9BEB4F40BC}
	EndGlobalSection
EndGlobal
